
Microsoft Visual Studio Solution File, Format Version 12.00
# Visual Studio Version 16
VisualStudioVersion = 16.0.30611.23
MinimumVisualStudioVersion = 10.0.40219.1
Project("{FAE04EC0-301F-11D3-BF4B-00C04F79EFBC}") = "dotNet5781_01_8658_4874", "dotNet5781_01_8658_4874\dotNet5781_01_8658_4874.csproj", "{7D538606-FD97-4454-95ED-149D4E20031D}"
EndProject
Project("{FAE04EC0-301F-11D3-BF4B-00C04F79EFBC}") = "dotNet5781_02_8658_4874", "dotNet5781_02_8658_4874\dotNet5781_02_8658_4874.csproj", "{818D7D69-A511-4396-8452-AB9C6FAE85F4}"
EndProject
Project("{FAE04EC0-301F-11D3-BF4B-00C04F79EFBC}") = "dotNet5781_00_8658_4874", "dotNet5781_00_8658_4874\dotNet5781_00_8658_4874.csproj", "{F5C9C06E-47F0-4CCB-8F26-1117D081A513}"
EndProject
Project("{FAE04EC0-301F-11D3-BF4B-00C04F79EFBC}") = "dotNet5781_03a_8658_4874", "dotNet5781_03a_8658_4874\dotNet5781_03a_8658_4874.csproj", "{D394BF5B-C123-4D73-8257-F24F1FC7E839}"
EndProject
Project("{FAE04EC0-301F-11D3-BF4B-00C04F79EFBC}") = "dotNet5781_03b_8658_4874", "dotNet5781_03b_8658_4874\dotNet5781_03b_8658_4874.csproj", "{39405761-5993-45AA-A703-65B7030EC8D4}"
EndProject
Project("{FAE04EC0-301F-11D3-BF4B-00C04F79EFBC}") = "DL", "DL\DL.csproj", "{ADEFA606-1BF7-4309-A7C9-AD1DF6E8225A}"
EndProject
Project("{FAE04EC0-301F-11D3-BF4B-00C04F79EFBC}") = "DLAPI", "DLAPI\DLAPI.csproj", "{2E72A07D-C2FF-4B8A-A8BA-70C4642999B1}"
EndProject
Project("{FAE04EC0-301F-11D3-BF4B-00C04F79EFBC}") = "DS", "DS\DS.csproj", "{F26A38E2-4643-4764-A13E-29B0669D6887}"
EndProject
Project("{FAE04EC0-301F-11D3-BF4B-00C04F79EFBC}") = "UI", "UI\UI.csproj", "{1A99EFF9-B120-497F-A1D9-A7E6E2AF2171}"
EndProject
Project("{FAE04EC0-301F-11D3-BF4B-00C04F79EFBC}") = "BL", "BL\BL.csproj", "{002736DF-657D-4C95-AAA8-198C3D07F3F3}"
EndProject
Project("{2150E333-8FDC-42A3-9474-1A3956D46DE8}") = "solution items", "solution items", "{4CDA206C-7CB0-4AC7-9185-B0E03638449C}"
	ProjectSection(SolutionItems) = preProject
		bin\config.xml = bin\config.xml
	EndProjectSection
EndProject
Global
	GlobalSection(SolutionConfigurationPlatforms) = preSolution
		Debug|Any CPU = Debug|Any CPU
		Release|Any CPU = Release|Any CPU
	EndGlobalSection
	GlobalSection(ProjectConfigurationPlatforms) = postSolution
		{7D538606-FD97-4454-95ED-149D4E20031D}.Debug|Any CPU.ActiveCfg = Debug|Any CPU
		{7D538606-FD97-4454-95ED-149D4E20031D}.Debug|Any CPU.Build.0 = Debug|Any CPU
		{7D538606-FD97-4454-95ED-149D4E20031D}.Release|Any CPU.ActiveCfg = Release|Any CPU
		{7D538606-FD97-4454-95ED-149D4E20031D}.Release|Any CPU.Build.0 = Release|Any CPU
		{818D7D69-A511-4396-8452-AB9C6FAE85F4}.Debug|Any CPU.ActiveCfg = Debug|Any CPU
		{818D7D69-A511-4396-8452-AB9C6FAE85F4}.Debug|Any CPU.Build.0 = Debug|Any CPU
		{818D7D69-A511-4396-8452-AB9C6FAE85F4}.Release|Any CPU.ActiveCfg = Release|Any CPU
		{818D7D69-A511-4396-8452-AB9C6FAE85F4}.Release|Any CPU.Build.0 = Release|Any CPU
		{F5C9C06E-47F0-4CCB-8F26-1117D081A513}.Debug|Any CPU.ActiveCfg = Debug|Any CPU
		{F5C9C06E-47F0-4CCB-8F26-1117D081A513}.Debug|Any CPU.Build.0 = Debug|Any CPU
		{F5C9C06E-47F0-4CCB-8F26-1117D081A513}.Release|Any CPU.ActiveCfg = Release|Any CPU
		{F5C9C06E-47F0-4CCB-8F26-1117D081A513}.Release|Any CPU.Build.0 = Release|Any CPU
		{D394BF5B-C123-4D73-8257-F24F1FC7E839}.Debug|Any CPU.ActiveCfg = Debug|Any CPU
		{D394BF5B-C123-4D73-8257-F24F1FC7E839}.Debug|Any CPU.Build.0 = Debug|Any CPU
		{D394BF5B-C123-4D73-8257-F24F1FC7E839}.Release|Any CPU.ActiveCfg = Release|Any CPU
		{D394BF5B-C123-4D73-8257-F24F1FC7E839}.Release|Any CPU.Build.0 = Release|Any CPU
		{39405761-5993-45AA-A703-65B7030EC8D4}.Debug|Any CPU.ActiveCfg = Debug|Any CPU
		{39405761-5993-45AA-A703-65B7030EC8D4}.Debug|Any CPU.Build.0 = Debug|Any CPU
		{39405761-5993-45AA-A703-65B7030EC8D4}.Release|Any CPU.ActiveCfg = Release|Any CPU
		{39405761-5993-45AA-A703-65B7030EC8D4}.Release|Any CPU.Build.0 = Release|Any CPU
		{ADEFA606-1BF7-4309-A7C9-AD1DF6E8225A}.Debug|Any CPU.ActiveCfg = Debug|Any CPU
		{ADEFA606-1BF7-4309-A7C9-AD1DF6E8225A}.Debug|Any CPU.Build.0 = Debug|Any CPU
		{ADEFA606-1BF7-4309-A7C9-AD1DF6E8225A}.Release|Any CPU.ActiveCfg = Release|Any CPU
		{ADEFA606-1BF7-4309-A7C9-AD1DF6E8225A}.Release|Any CPU.Build.0 = Release|Any CPU
		{2E72A07D-C2FF-4B8A-A8BA-70C4642999B1}.Debug|Any CPU.ActiveCfg = Debug|Any CPU
		{2E72A07D-C2FF-4B8A-A8BA-70C4642999B1}.Debug|Any CPU.Build.0 = Debug|Any CPU
		{2E72A07D-C2FF-4B8A-A8BA-70C4642999B1}.Release|Any CPU.ActiveCfg = Release|Any CPU
		{2E72A07D-C2FF-4B8A-A8BA-70C4642999B1}.Release|Any CPU.Build.0 = Release|Any CPU
		{F26A38E2-4643-4764-A13E-29B0669D6887}.Debug|Any CPU.ActiveCfg = Debug|Any CPU
		{F26A38E2-4643-4764-A13E-29B0669D6887}.Debug|Any CPU.Build.0 = Debug|Any CPU
		{F26A38E2-4643-4764-A13E-29B0669D6887}.Release|Any CPU.ActiveCfg = Release|Any CPU
		{F26A38E2-4643-4764-A13E-29B0669D6887}.Release|Any CPU.Build.0 = Release|Any CPU
		{1A99EFF9-B120-497F-A1D9-A7E6E2AF2171}.Debug|Any CPU.ActiveCfg = Debug|Any CPU
		{1A99EFF9-B120-497F-A1D9-A7E6E2AF2171}.Debug|Any CPU.Build.0 = Debug|Any CPU
		{1A99EFF9-B120-497F-A1D9-A7E6E2AF2171}.Release|Any CPU.ActiveCfg = Release|Any CPU
		{1A99EFF9-B120-497F-A1D9-A7E6E2AF2171}.Release|Any CPU.Build.0 = Release|Any CPU
		{002736DF-657D-4C95-AAA8-198C3D07F3F3}.Debug|Any CPU.ActiveCfg = Debug|Any CPU
		{002736DF-657D-4C95-AAA8-198C3D07F3F3}.Debug|Any CPU.Build.0 = Debug|Any CPU
		{002736DF-657D-4C95-AAA8-198C3D07F3F3}.Release|Any CPU.ActiveCfg = Release|Any CPU
		{002736DF-657D-4C95-AAA8-198C3D07F3F3}.Release|Any CPU.Build.0 = Release|Any CPU
	EndGlobalSection
	GlobalSection(SolutionProperties) = preSolution
		HideSolutionNode = FALSE
	EndGlobalSection
	GlobalSection(ExtensibilityGlobals) = postSolution
		SolutionGuid = {6EDC030F-0CBE-406E-AF3F-A5AEF273EFDA}
	EndGlobalSection
EndGlobal
