
Microsoft Visual Studio Solution File, Format Version 12.00
# Visual Studio Version 16
VisualStudioVersion = 16.0.30611.23
MinimumVisualStudioVersion = 10.0.40219.1
Project("{FAE04EC0-301F-11D3-BF4B-00C04F79EFBC}") = "dotNet5781_01_8658_4874", "dotNet5781_01_8658_4874\dotNet5781_01_8658_4874.csproj", "{7D538606-FD97-4454-95ED-149D4E20031D}"
EndProject
Project("{FAE04EC0-301F-11D3-BF4B-00C04F79EFBC}") = "dotNet5781_02_8658_4874", "dotNet5781_02_8658_4874\dotNet5781_02_8658_4874.csproj", "{818D7D69-A511-4396-8452-AB9C6FAE85F4}"
EndProject
Project("{FAE04EC0-301F-11D3-BF4B-00C04F79EFBC}") = "dotNet5781_00_8658_4874", "dotNet5781_00_8658_4874\dotNet5781_00_8658_4874.csproj", "{F5C9C06E-47F0-4CCB-8F26-1117D081A513}"
EndProject
Project("{FAE04EC0-301F-11D3-BF4B-00C04F79EFBC}") = "dotNet5781_03a_8658_4874", "dotNet5781_03a_8658_4874\dotNet5781_03a_8658_4874.csproj", "{D394BF5B-C123-4D73-8257-F24F1FC7E839}"
EndProject
Project("{FAE04EC0-301F-11D3-BF4B-00C04F79EFBC}") = "dotNet5781_03b_8658_4874", "dotNet5781_03b_8658_4874\dotNet5781_03b_8658_4874.csproj", "{39405761-5993-45AA-A703-65B7030EC8D4}"
EndProject
Global
	GlobalSection(SolutionConfigurationPlatforms) = preSolution
		Debug|Any CPU = Debug|Any CPU
		Release|Any CPU = Release|Any CPU
	EndGlobalSection
	GlobalSection(ProjectConfigurationPlatforms) = postSolution
		{7D538606-FD97-4454-95ED-149D4E20031D}.Debug|Any CPU.ActiveCfg = Debug|Any CPU
		{7D538606-FD97-4454-95ED-149D4E20031D}.Debug|Any CPU.Build.0 = Debug|Any CPU
		{7D538606-FD97-4454-95ED-149D4E20031D}.Release|Any CPU.ActiveCfg = Release|Any CPU
		{7D538606-FD97-4454-95ED-149D4E20031D}.Release|Any CPU.Build.0 = Release|Any CPU
		{818D7D69-A511-4396-8452-AB9C6FAE85F4}.Debug|Any CPU.ActiveCfg = Debug|Any CPU
		{818D7D69-A511-4396-8452-AB9C6FAE85F4}.Debug|Any CPU.Build.0 = Debug|Any CPU
		{818D7D69-A511-4396-8452-AB9C6FAE85F4}.Release|Any CPU.ActiveCfg = Release|Any CPU
		{818D7D69-A511-4396-8452-AB9C6FAE85F4}.Release|Any CPU.Build.0 = Release|Any CPU
		{F5C9C06E-47F0-4CCB-8F26-1117D081A513}.Debug|Any CPU.ActiveCfg = Debug|Any CPU
		{F5C9C06E-47F0-4CCB-8F26-1117D081A513}.Debug|Any CPU.Build.0 = Debug|Any CPU
		{F5C9C06E-47F0-4CCB-8F26-1117D081A513}.Release|Any CPU.ActiveCfg = Release|Any CPU
		{F5C9C06E-47F0-4CCB-8F26-1117D081A513}.Release|Any CPU.Build.0 = Release|Any CPU
		{D394BF5B-C123-4D73-8257-F24F1FC7E839}.Debug|Any CPU.ActiveCfg = Debug|Any CPU
		{D394BF5B-C123-4D73-8257-F24F1FC7E839}.Debug|Any CPU.Build.0 = Debug|Any CPU
		{D394BF5B-C123-4D73-8257-F24F1FC7E839}.Release|Any CPU.ActiveCfg = Release|Any CPU
		{D394BF5B-C123-4D73-8257-F24F1FC7E839}.Release|Any CPU.Build.0 = Release|Any CPU
		{39405761-5993-45AA-A703-65B7030EC8D4}.Debug|Any CPU.ActiveCfg = Debug|Any CPU
		{39405761-5993-45AA-A703-65B7030EC8D4}.Debug|Any CPU.Build.0 = Debug|Any CPU
		{39405761-5993-45AA-A703-65B7030EC8D4}.Release|Any CPU.ActiveCfg = Release|Any CPU
		{39405761-5993-45AA-A703-65B7030EC8D4}.Release|Any CPU.Build.0 = Release|Any CPU
	EndGlobalSection
	GlobalSection(SolutionProperties) = preSolution
		HideSolutionNode = FALSE
	EndGlobalSection
	GlobalSection(ExtensibilityGlobals) = postSolution
		SolutionGuid = {6EDC030F-0CBE-406E-AF3F-A5AEF273EFDA}
	EndGlobalSection
EndGlobal
